// !$*UTF8*$!
{
	archiveVersion = 1;
	classes = {
	};
	objectVersion = 56;
	objects = {

/* Begin PBXBuildFile section */
		9332E3772956538D00DDA7F9 /* AppDelegate.swift in Sources */ = {isa = PBXBuildFile; fileRef = 9332E3762956538D00DDA7F9 /* AppDelegate.swift */; };
		9332E3792956538D00DDA7F9 /* SceneDelegate.swift in Sources */ = {isa = PBXBuildFile; fileRef = 9332E3782956538D00DDA7F9 /* SceneDelegate.swift */; };
		9332E3802956538E00DDA7F9 /* Assets.xcassets in Resources */ = {isa = PBXBuildFile; fileRef = 9332E37F2956538E00DDA7F9 /* Assets.xcassets */; };
		9332E3832956538E00DDA7F9 /* LaunchScreen.storyboard in Resources */ = {isa = PBXBuildFile; fileRef = 9332E3812956538E00DDA7F9 /* LaunchScreen.storyboard */; };
		9332E38B295658AB00DDA7F9 /* PostsFeedVC.swift in Sources */ = {isa = PBXBuildFile; fileRef = 9332E38A295658AB00DDA7F9 /* PostsFeedVC.swift */; };
		9332E38D295658F100DDA7F9 /* FavoritePostsVC.swift in Sources */ = {isa = PBXBuildFile; fileRef = 9332E38C295658F100DDA7F9 /* FavoritePostsVC.swift */; };
		9332E38F295AACAD00DDA7F9 /* PostsCell.swift in Sources */ = {isa = PBXBuildFile; fileRef = 9332E38E295AACAD00DDA7F9 /* PostsCell.swift */; };
		9332E391295AB14C00DDA7F9 /* Post.swift in Sources */ = {isa = PBXBuildFile; fileRef = 9332E390295AB14C00DDA7F9 /* Post.swift */; };
		9348FE052968D87B00853B51 /* User.swift in Sources */ = {isa = PBXBuildFile; fileRef = 9348FE042968D87B00853B51 /* User.swift */; };
		9348FE072968D90E00853B51 /* UsersDict.swift in Sources */ = {isa = PBXBuildFile; fileRef = 9348FE062968D90E00853B51 /* UsersDict.swift */; };
		936E553C295BF57200EE166E /* PostVC.swift in Sources */ = {isa = PBXBuildFile; fileRef = 936E553B295BF57200EE166E /* PostVC.swift */; };
		936E553E295EAEE700EE166E /* PostsNetworkingManager.swift in Sources */ = {isa = PBXBuildFile; fileRef = 936E553D295EAEE700EE166E /* PostsNetworkingManager.swift */; };
		936E5540295F5FC800EE166E /* PostsDict.swift in Sources */ = {isa = PBXBuildFile; fileRef = 936E553F295F5FC800EE166E /* PostsDict.swift */; };
		936E55462962989A00EE166E /* FavoritesCell.swift in Sources */ = {isa = PBXBuildFile; fileRef = 936E55452962989A00EE166E /* FavoritesCell.swift */; };
		936E554829637C8800EE166E /* FavoriteButton.swift in Sources */ = {isa = PBXBuildFile; fileRef = 936E554729637C8800EE166E /* FavoriteButton.swift */; };
		936E554C296549B000EE166E /* Helpers.swift in Sources */ = {isa = PBXBuildFile; fileRef = 936E554B296549B000EE166E /* Helpers.swift */; };
/* End PBXBuildFile section */

/* Begin PBXFileReference section */
		9332E3732956538D00DDA7F9 /* Good Posts.app */ = {isa = PBXFileReference; explicitFileType = wrapper.application; includeInIndex = 0; path = "Good Posts.app"; sourceTree = BUILT_PRODUCTS_DIR; };
		9332E3762956538D00DDA7F9 /* AppDelegate.swift */ = {isa = PBXFileReference; lastKnownFileType = sourcecode.swift; path = AppDelegate.swift; sourceTree = "<group>"; };
		9332E3782956538D00DDA7F9 /* SceneDelegate.swift */ = {isa = PBXFileReference; lastKnownFileType = sourcecode.swift; path = SceneDelegate.swift; sourceTree = "<group>"; };
		9332E37F2956538E00DDA7F9 /* Assets.xcassets */ = {isa = PBXFileReference; lastKnownFileType = folder.assetcatalog; path = Assets.xcassets; sourceTree = "<group>"; };
		9332E3822956538E00DDA7F9 /* Base */ = {isa = PBXFileReference; lastKnownFileType = file.storyboard; name = Base; path = Base.lproj/LaunchScreen.storyboard; sourceTree = "<group>"; };
		9332E3842956538E00DDA7F9 /* Info.plist */ = {isa = PBXFileReference; lastKnownFileType = text.plist.xml; path = Info.plist; sourceTree = "<group>"; };
		9332E38A295658AB00DDA7F9 /* PostsFeedVC.swift */ = {isa = PBXFileReference; lastKnownFileType = sourcecode.swift; path = PostsFeedVC.swift; sourceTree = "<group>"; };
		9332E38C295658F100DDA7F9 /* FavoritePostsVC.swift */ = {isa = PBXFileReference; lastKnownFileType = sourcecode.swift; path = FavoritePostsVC.swift; sourceTree = "<group>"; };
		9332E38E295AACAD00DDA7F9 /* PostsCell.swift */ = {isa = PBXFileReference; lastKnownFileType = sourcecode.swift; path = PostsCell.swift; sourceTree = "<group>"; };
		9332E390295AB14C00DDA7F9 /* Post.swift */ = {isa = PBXFileReference; lastKnownFileType = sourcecode.swift; path = Post.swift; sourceTree = "<group>"; };
		9348FE042968D87B00853B51 /* User.swift */ = {isa = PBXFileReference; lastKnownFileType = sourcecode.swift; path = User.swift; sourceTree = "<group>"; };
		9348FE062968D90E00853B51 /* UsersDict.swift */ = {isa = PBXFileReference; lastKnownFileType = sourcecode.swift; path = UsersDict.swift; sourceTree = "<group>"; };
		936E553B295BF57200EE166E /* PostVC.swift */ = {isa = PBXFileReference; lastKnownFileType = sourcecode.swift; path = PostVC.swift; sourceTree = "<group>"; };
		936E553D295EAEE700EE166E /* PostsNetworkingManager.swift */ = {isa = PBXFileReference; lastKnownFileType = sourcecode.swift; path = PostsNetworkingManager.swift; sourceTree = "<group>"; };
		936E553F295F5FC800EE166E /* PostsDict.swift */ = {isa = PBXFileReference; lastKnownFileType = sourcecode.swift; path = PostsDict.swift; sourceTree = "<group>"; };
		936E55452962989A00EE166E /* FavoritesCell.swift */ = {isa = PBXFileReference; lastKnownFileType = sourcecode.swift; path = FavoritesCell.swift; sourceTree = "<group>"; };
		936E554729637C8800EE166E /* FavoriteButton.swift */ = {isa = PBXFileReference; lastKnownFileType = sourcecode.swift; path = FavoriteButton.swift; sourceTree = "<group>"; };
		936E554B296549B000EE166E /* Helpers.swift */ = {isa = PBXFileReference; lastKnownFileType = sourcecode.swift; path = Helpers.swift; sourceTree = "<group>"; };
/* End PBXFileReference section */

/* Begin PBXFrameworksBuildPhase section */
		9332E3702956538D00DDA7F9 /* Frameworks */ = {
			isa = PBXFrameworksBuildPhase;
			buildActionMask = 2147483647;
			files = (
			);
			runOnlyForDeploymentPostprocessing = 0;
		};
/* End PBXFrameworksBuildPhase section */

/* Begin PBXGroup section */
		9332E36A2956538D00DDA7F9 = {
			isa = PBXGroup;
			children = (
				9332E3752956538D00DDA7F9 /* Good Posts */,
				9332E3742956538D00DDA7F9 /* Products */,
			);
			sourceTree = "<group>";
		};
		9332E3742956538D00DDA7F9 /* Products */ = {
			isa = PBXGroup;
			children = (
				9332E3732956538D00DDA7F9 /* Good Posts.app */,
			);
			name = Products;
			sourceTree = "<group>";
		};
		9332E3752956538D00DDA7F9 /* Good Posts */ = {
			isa = PBXGroup;
			children = (
				936E5541295FF3C800EE166E /* ViewController */,
				936E5543295FF41600EE166E /* Model */,
				9348FE09296B88DC00853B51 /* Networking */,
				9348FE08296B886E00853B51 /* Custom Views */,
				9348FE0A296B891200853B51 /* Utilities */,
				9332E3762956538D00DDA7F9 /* AppDelegate.swift */,
				9332E3782956538D00DDA7F9 /* SceneDelegate.swift */,
				9332E37F2956538E00DDA7F9 /* Assets.xcassets */,
				9332E3812956538E00DDA7F9 /* LaunchScreen.storyboard */,
				9332E3842956538E00DDA7F9 /* Info.plist */,
			);
			path = "Good Posts";
			sourceTree = "<group>";
		};
		9348FE08296B886E00853B51 /* Custom Views */ = {
			isa = PBXGroup;
			children = (
				936E55442962986C00EE166E /* Cells */,
				936E554729637C8800EE166E /* FavoriteButton.swift */,
			);
			path = "Custom Views";
			sourceTree = "<group>";
		};
		9348FE09296B88DC00853B51 /* Networking */ = {
			isa = PBXGroup;
			children = (
				936E553D295EAEE700EE166E /* PostsNetworkingManager.swift */,
			);
			path = Networking;
			sourceTree = "<group>";
		};
		9348FE0A296B891200853B51 /* Utilities */ = {
			isa = PBXGroup;
			children = (
				936E554B296549B000EE166E /* Helpers.swift */,
			);
			path = Utilities;
			sourceTree = "<group>";
		};
		936E5541295FF3C800EE166E /* ViewController */ = {
			isa = PBXGroup;
			children = (
				9332E38C295658F100DDA7F9 /* FavoritePostsVC.swift */,
				9332E38A295658AB00DDA7F9 /* PostsFeedVC.swift */,
				936E553B295BF57200EE166E /* PostVC.swift */,
			);
			path = ViewController;
			sourceTree = "<group>";
		};
		936E5543295FF41600EE166E /* Model */ = {
			isa = PBXGroup;
			children = (
				936E553F295F5FC800EE166E /* PostsDict.swift */,
				9332E390295AB14C00DDA7F9 /* Post.swift */,
				9348FE062968D90E00853B51 /* UsersDict.swift */,
				9348FE042968D87B00853B51 /* User.swift */,
			);
			path = Model;
			sourceTree = "<group>";
		};
		936E55442962986C00EE166E /* Cells */ = {
			isa = PBXGroup;
			children = (
				9332E38E295AACAD00DDA7F9 /* PostsCell.swift */,
				936E55452962989A00EE166E /* FavoritesCell.swift */,
			);
			path = Cells;
			sourceTree = "<group>";
		};
/* End PBXGroup section */

/* Begin PBXNativeTarget section */
		9332E3722956538D00DDA7F9 /* Good Posts */ = {
			isa = PBXNativeTarget;
			buildConfigurationList = 9332E3872956538E00DDA7F9 /* Build configuration list for PBXNativeTarget "Good Posts" */;
			buildPhases = (
				9332E36F2956538D00DDA7F9 /* Sources */,
				9332E3702956538D00DDA7F9 /* Frameworks */,
				9332E3712956538D00DDA7F9 /* Resources */,
			);
			buildRules = (
			);
			dependencies = (
			);
			name = "Good Posts";
			productName = "Good Posts";
			productReference = 9332E3732956538D00DDA7F9 /* Good Posts.app */;
			productType = "com.apple.product-type.application";
		};
/* End PBXNativeTarget section */

/* Begin PBXProject section */
		9332E36B2956538D00DDA7F9 /* Project object */ = {
			isa = PBXProject;
			attributes = {
				BuildIndependentTargetsInParallel = 1;
				LastSwiftUpdateCheck = 1420;
				LastUpgradeCheck = 1420;
				TargetAttributes = {
					9332E3722956538D00DDA7F9 = {
						CreatedOnToolsVersion = 14.2;
					};
				};
			};
			buildConfigurationList = 9332E36E2956538D00DDA7F9 /* Build configuration list for PBXProject "Good Posts" */;
			compatibilityVersion = "Xcode 14.0";
			developmentRegion = en;
			hasScannedForEncodings = 0;
			knownRegions = (
				en,
				Base,
			);
			mainGroup = 9332E36A2956538D00DDA7F9;
			productRefGroup = 9332E3742956538D00DDA7F9 /* Products */;
			projectDirPath = "";
			projectRoot = "";
			targets = (
				9332E3722956538D00DDA7F9 /* Good Posts */,
			);
		};
/* End PBXProject section */

/* Begin PBXResourcesBuildPhase section */
		9332E3712956538D00DDA7F9 /* Resources */ = {
			isa = PBXResourcesBuildPhase;
			buildActionMask = 2147483647;
			files = (
				9332E3832956538E00DDA7F9 /* LaunchScreen.storyboard in Resources */,
				9332E3802956538E00DDA7F9 /* Assets.xcassets in Resources */,
			);
			runOnlyForDeploymentPostprocessing = 0;
		};
/* End PBXResourcesBuildPhase section */

/* Begin PBXSourcesBuildPhase section */
		9332E36F2956538D00DDA7F9 /* Sources */ = {
			isa = PBXSourcesBuildPhase;
			buildActionMask = 2147483647;
			files = (
				9348FE052968D87B00853B51 /* User.swift in Sources */,
				9332E3772956538D00DDA7F9 /* AppDelegate.swift in Sources */,
				9332E391295AB14C00DDA7F9 /* Post.swift in Sources */,
				936E553C295BF57200EE166E /* PostVC.swift in Sources */,
				936E55462962989A00EE166E /* FavoritesCell.swift in Sources */,
				936E553E295EAEE700EE166E /* PostsNetworkingManager.swift in Sources */,
				9348FE072968D90E00853B51 /* UsersDict.swift in Sources */,
				936E5540295F5FC800EE166E /* PostsDict.swift in Sources */,
				9332E38F295AACAD00DDA7F9 /* PostsCell.swift in Sources */,
				936E554C296549B000EE166E /* Helpers.swift in Sources */,
				9332E38B295658AB00DDA7F9 /* PostsFeedVC.swift in Sources */,
				9332E38D295658F100DDA7F9 /* FavoritePostsVC.swift in Sources */,
				936E554829637C8800EE166E /* FavoriteButton.swift in Sources */,
				9332E3792956538D00DDA7F9 /* SceneDelegate.swift in Sources */,
			);
			runOnlyForDeploymentPostprocessing = 0;
		};
/* End PBXSourcesBuildPhase section */

/* Begin PBXVariantGroup section */
		9332E3812956538E00DDA7F9 /* LaunchScreen.storyboard */ = {
			isa = PBXVariantGroup;
			children = (
				9332E3822956538E00DDA7F9 /* Base */,
			);
			name = LaunchScreen.storyboard;
			sourceTree = "<group>";
		};
/* End PBXVariantGroup section */

/* Begin XCBuildConfiguration section */
		9332E3852956538E00DDA7F9 /* Debug */ = {
			isa = XCBuildConfiguration;
			buildSettings = {
				ALWAYS_SEARCH_USER_PATHS = NO;
				CLANG_ANALYZER_NONNULL = YES;
				CLANG_ANALYZER_NUMBER_OBJECT_CONVERSION = YES_AGGRESSIVE;
				CLANG_CXX_LANGUAGE_STANDARD = "gnu++20";
				CLANG_ENABLE_MODULES = YES;
				CLANG_ENABLE_OBJC_ARC = YES;
				CLANG_ENABLE_OBJC_WEAK = YES;
				CLANG_WARN_BLOCK_CAPTURE_AUTORELEASING = YES;
				CLANG_WARN_BOOL_CONVERSION = YES;
				CLANG_WARN_COMMA = YES;
				CLANG_WARN_CONSTANT_CONVERSION = YES;
				CLANG_WARN_DEPRECATED_OBJC_IMPLEMENTATIONS = YES;
				CLANG_WARN_DIRECT_OBJC_ISA_USAGE = YES_ERROR;
				CLANG_WARN_DOCUMENTATION_COMMENTS = YES;
				CLANG_WARN_EMPTY_BODY = YES;
				CLANG_WARN_ENUM_CONVERSION = YES;
				CLANG_WARN_INFINITE_RECURSION = YES;
				CLANG_WARN_INT_CONVERSION = YES;
				CLANG_WARN_NON_LITERAL_NULL_CONVERSION = YES;
				CLANG_WARN_OBJC_IMPLICIT_RETAIN_SELF = YES;
				CLANG_WARN_OBJC_LITERAL_CONVERSION = YES;
				CLANG_WARN_OBJC_ROOT_CLASS = YES_ERROR;
				CLANG_WARN_QUOTED_INCLUDE_IN_FRAMEWORK_HEADER = YES;
				CLANG_WARN_RANGE_LOOP_ANALYSIS = YES;
				CLANG_WARN_STRICT_PROTOTYPES = YES;
				CLANG_WARN_SUSPICIOUS_MOVE = YES;
				CLANG_WARN_UNGUARDED_AVAILABILITY = YES_AGGRESSIVE;
				CLANG_WARN_UNREACHABLE_CODE = YES;
				CLANG_WARN__DUPLICATE_METHOD_MATCH = YES;
				COPY_PHASE_STRIP = NO;
				DEBUG_INFORMATION_FORMAT = dwarf;
				ENABLE_STRICT_OBJC_MSGSEND = YES;
				ENABLE_TESTABILITY = YES;
				GCC_C_LANGUAGE_STANDARD = gnu11;
				GCC_DYNAMIC_NO_PIC = NO;
				GCC_NO_COMMON_BLOCKS = YES;
				GCC_OPTIMIZATION_LEVEL = 0;
				GCC_PREPROCESSOR_DEFINITIONS = (
					"DEBUG=1",
					"$(inherited)",
				);
				GCC_WARN_64_TO_32_BIT_CONVERSION = YES;
				GCC_WARN_ABOUT_RETURN_TYPE = YES_ERROR;
				GCC_WARN_UNDECLARED_SELECTOR = YES;
				GCC_WARN_UNINITIALIZED_AUTOS = YES_AGGRESSIVE;
				GCC_WARN_UNUSED_FUNCTION = YES;
				GCC_WARN_UNUSED_VARIABLE = YES;
				IPHONEOS_DEPLOYMENT_TARGET = 16.2;
				MTL_ENABLE_DEBUG_INFO = INCLUDE_SOURCE;
				MTL_FAST_MATH = YES;
				ONLY_ACTIVE_ARCH = YES;
				SDKROOT = iphoneos;
				SWIFT_ACTIVE_COMPILATION_CONDITIONS = DEBUG;
				SWIFT_OPTIMIZATION_LEVEL = "-Onone";
			};
			name = Debug;
		};
		9332E3862956538E00DDA7F9 /* Release */ = {
			isa = XCBuildConfiguration;
			buildSettings = {
				ALWAYS_SEARCH_USER_PATHS = NO;
				CLANG_ANALYZER_NONNULL = YES;
				CLANG_ANALYZER_NUMBER_OBJECT_CONVERSION = YES_AGGRESSIVE;
				CLANG_CXX_LANGUAGE_STANDARD = "gnu++20";
				CLANG_ENABLE_MODULES = YES;
				CLANG_ENABLE_OBJC_ARC = YES;
				CLANG_ENABLE_OBJC_WEAK = YES;
				CLANG_WARN_BLOCK_CAPTURE_AUTORELEASING = YES;
				CLANG_WARN_BOOL_CONVERSION = YES;
				CLANG_WARN_COMMA = YES;
				CLANG_WARN_CONSTANT_CONVERSION = YES;
				CLANG_WARN_DEPRECATED_OBJC_IMPLEMENTATIONS = YES;
				CLANG_WARN_DIRECT_OBJC_ISA_USAGE = YES_ERROR;
				CLANG_WARN_DOCUMENTATION_COMMENTS = YES;
				CLANG_WARN_EMPTY_BODY = YES;
				CLANG_WARN_ENUM_CONVERSION = YES;
				CLANG_WARN_INFINITE_RECURSION = YES;
				CLANG_WARN_INT_CONVERSION = YES;
				CLANG_WARN_NON_LITERAL_NULL_CONVERSION = YES;
				CLANG_WARN_OBJC_IMPLICIT_RETAIN_SELF = YES;
				CLANG_WARN_OBJC_LITERAL_CONVERSION = YES;
				CLANG_WARN_OBJC_ROOT_CLASS = YES_ERROR;
				CLANG_WARN_QUOTED_INCLUDE_IN_FRAMEWORK_HEADER = YES;
				CLANG_WARN_RANGE_LOOP_ANALYSIS = YES;
				CLANG_WARN_STRICT_PROTOTYPES = YES;
				CLANG_WARN_SUSPICIOUS_MOVE = YES;
				CLANG_WARN_UNGUARDED_AVAILABILITY = YES_AGGRESSIVE;
				CLANG_WARN_UNREACHABLE_CODE = YES;
				CLANG_WARN__DUPLICATE_METHOD_MATCH = YES;
				COPY_PHASE_STRIP = NO;
				DEBUG_INFORMATION_FORMAT = "dwarf-with-dsym";
				ENABLE_NS_ASSERTIONS = NO;
				ENABLE_STRICT_OBJC_MSGSEND = YES;
				GCC_C_LANGUAGE_STANDARD = gnu11;
				GCC_NO_COMMON_BLOCKS = YES;
				GCC_WARN_64_TO_32_BIT_CONVERSION = YES;
				GCC_WARN_ABOUT_RETURN_TYPE = YES_ERROR;
				GCC_WARN_UNDECLARED_SELECTOR = YES;
				GCC_WARN_UNINITIALIZED_AUTOS = YES_AGGRESSIVE;
				GCC_WARN_UNUSED_FUNCTION = YES;
				GCC_WARN_UNUSED_VARIABLE = YES;
				IPHONEOS_DEPLOYMENT_TARGET = 16.2;
				MTL_ENABLE_DEBUG_INFO = NO;
				MTL_FAST_MATH = YES;
				SDKROOT = iphoneos;
				SWIFT_COMPILATION_MODE = wholemodule;
				SWIFT_OPTIMIZATION_LEVEL = "-O";
				VALIDATE_PRODUCT = YES;
			};
			name = Release;
		};
		9332E3882956538E00DDA7F9 /* Debug */ = {
			isa = XCBuildConfiguration;
			buildSettings = {
				ASSETCATALOG_COMPILER_APPICON_NAME = AppIcon;
				ASSETCATALOG_COMPILER_GLOBAL_ACCENT_COLOR_NAME = AccentColor;
				CODE_SIGN_STYLE = Automatic;
				CURRENT_PROJECT_VERSION = 1;
				DEVELOPMENT_TEAM = 39H6LNA9CM;
				GENERATE_INFOPLIST_FILE = YES;
				INFOPLIST_FILE = "Good Posts/Info.plist";
				INFOPLIST_KEY_UIApplicationSupportsIndirectInputEvents = YES;
				INFOPLIST_KEY_UILaunchStoryboardName = LaunchScreen;
				INFOPLIST_KEY_UISupportedInterfaceOrientations = UIInterfaceOrientationPortrait;
				IPHONEOS_DEPLOYMENT_TARGET = 16.0;
				LD_RUNPATH_SEARCH_PATHS = (
					"$(inherited)",
					"@executable_path/Frameworks",
				);
				MARKETING_VERSION = 1.0;
				PRODUCT_BUNDLE_IDENTIFIER = "dev.oishii.Good-Posts";
				PRODUCT_NAME = "$(TARGET_NAME)";
				SWIFT_EMIT_LOC_STRINGS = YES;
				SWIFT_VERSION = 5.0;
				TARGETED_DEVICE_FAMILY = "1,2";
			};
			name = Debug;
		};
		9332E3892956538E00DDA7F9 /* Release */ = {
			isa = XCBuildConfiguration;
			buildSettings = {
				ASSETCATALOG_COMPILER_APPICON_NAME = AppIcon;
				ASSETCATALOG_COMPILER_GLOBAL_ACCENT_COLOR_NAME = AccentColor;
				CODE_SIGN_STYLE = Automatic;
				CURRENT_PROJECT_VERSION = 1;
				DEVELOPMENT_TEAM = 39H6LNA9CM;
				GENERATE_INFOPLIST_FILE = YES;
				INFOPLIST_FILE = "Good Posts/Info.plist";
				INFOPLIST_KEY_UIApplicationSupportsIndirectInputEvents = YES;
				INFOPLIST_KEY_UILaunchStoryboardName = LaunchScreen;
				INFOPLIST_KEY_UISupportedInterfaceOrientations = UIInterfaceOrientationPortrait;
				IPHONEOS_DEPLOYMENT_TARGET = 16.0;
				LD_RUNPATH_SEARCH_PATHS = (
					"$(inherited)",
					"@executable_path/Frameworks",
				);
				MARKETING_VERSION = 1.0;
				PRODUCT_BUNDLE_IDENTIFIER = "dev.oishii.Good-Posts";
				PRODUCT_NAME = "$(TARGET_NAME)";
				SWIFT_EMIT_LOC_STRINGS = YES;
				SWIFT_VERSION = 5.0;
				TARGETED_DEVICE_FAMILY = "1,2";
			};
			name = Release;
		};
/* End XCBuildConfiguration section */

/* Begin XCConfigurationList section */
		9332E36E2956538D00DDA7F9 /* Build configuration list for PBXProject "Good Posts" */ = {
			isa = XCConfigurationList;
			buildConfigurations = (
				9332E3852956538E00DDA7F9 /* Debug */,
				9332E3862956538E00DDA7F9 /* Release */,
			);
			defaultConfigurationIsVisible = 0;
			defaultConfigurationName = Release;
		};
		9332E3872956538E00DDA7F9 /* Build configuration list for PBXNativeTarget "Good Posts" */ = {
			isa = XCConfigurationList;
			buildConfigurations = (
				9332E3882956538E00DDA7F9 /* Debug */,
				9332E3892956538E00DDA7F9 /* Release */,
			);
			defaultConfigurationIsVisible = 0;
			defaultConfigurationName = Release;
		};
/* End XCConfigurationList section */
	};
	rootObject = 9332E36B2956538D00DDA7F9 /* Project object */;
}
